PODS:
  - AdColony (2.6.0)
  - AFNetworking (2.6.0):
    - AFNetworking/NSURLConnection (= 2.6.0)
    - AFNetworking/NSURLSession (= 2.6.0)
    - AFNetworking/Reachability (= 2.6.0)
    - AFNetworking/Security (= 2.6.0)
    - AFNetworking/Serialization (= 2.6.0)
    - AFNetworking/UIKit (= 2.6.0)
  - AFNetworking/NSURLConnection (2.6.0):
    - AFNetworking/Reachability
    - AFNetworking/Security
    - AFNetworking/Serialization
  - AFNetworking/NSURLSession (2.6.0):
    - AFNetworking/Reachability
    - AFNetworking/Security
    - AFNetworking/Serialization
  - AFNetworking/Reachability (2.6.0)
  - AFNetworking/Security (2.6.0)
  - AFNetworking/Serialization (2.6.0)
  - AFNetworking/UIKit (2.6.0):
    - AFNetworking/NSURLConnection
    - AFNetworking/NSURLSession
  - AmazonAds (2.2.10)
  - AppLovin (3.1.3)
  - Appodeal (0.4.9):
    - AdColony (~> 2.6)
    - AFNetworking (~> 2.6)
    - AmazonAds (~> 2.2.10)
    - AppLovin (~> 3.1.4)
    - ChartboostSDK (~> 5.5.3)
    - CocoaLumberjack (~> 2.0.1)
    - FBAudienceNetwork (~> 4.6.0)
    - Godzippa (~> 1.1)
    - Google-Mobile-Ads-SDK (~> 7.5)
    - InMobiSDK (= 4.5.2)
    - Mantle (~> 2.0.5)
    - mopub-ios-sdk (~> 3.12.0)
    - MyTarget (~> 4.0.17)
    - NexageSourceKitMRAID (~> 1.0.6)
    - RevvForMobile (~> 3.1.4)
    - StartApp (~> 3.2.0)
    - SVProgressHUD (~> 1.1.3)
    - UnityAds (~> 1.5.2)
    - VungleAdvertiserSDK (~> 3.1.2)
    - YandexMobileAds (~> 1.9.1)
    - YandexMobileMetrica (~> 2.0.0)
  - ChartboostSDK (5.5.3)
  - CocoaLumberjack (2.0.1):
    - CocoaLumberjack/Default (= 2.0.1)
    - CocoaLumberjack/Extensions (= 2.0.1)
  - CocoaLumberjack/Core (2.0.1)
  - CocoaLumberjack/Default (2.0.1):
    - CocoaLumberjack/Core
  - CocoaLumberjack/Extensions (2.0.1):
    - CocoaLumberjack/Default
  - ColorArt (0.1.1)
  - Crashlytics (3.3.4)
  - Fabric (1.5.5):
    - Fabric/Base (= 1.5.5)
  - Fabric/Base (1.5.5)
  - FBAudienceNetwork (4.6.0)
  - FMDB (2.5):
    - FMDB/standard (= 2.5)
  - FMDB/common (2.5)
  - FMDB/standard (2.5):
    - FMDB/common
  - Godzippa (1.1.0)
  - Google-Mobile-Ads-SDK (7.5.1)
  - InMobiSDK (4.5.2)
  - KSCrash/Recording (0.0.5)
  - KSCrash/Reporting/Filters/AppleFmt (0.0.5):
    - KSCrash/Recording
    - KSCrash/Reporting/Filters/Base
  - KSCrash/Reporting/Filters/Base (0.0.5):
    - KSCrash/Recording
  - Mantle (2.0.5):
    - Mantle/extobjc (= 2.0.5)
  - Mantle/extobjc (2.0.5)
  - MMWormhole (2.0.0):
    - MMWormhole/Core (= 2.0.0)
  - MMWormhole/Core (2.0.0)
  - mopub-ios-sdk (3.12.0):
    - mopub-ios-sdk/MoPubSDK (= 3.12.0)
  - mopub-ios-sdk/MoPubSDK (3.12.0)
  - MyTarget (4.0.17)
  - NexageSourceKitCommon (1.0.3)
  - NexageSourceKitMRAID (1.0.6):
    - NexageSourceKitCommon (~> 1.0.3)
  - protobuf-c (1.0.1)
  - RevvForMobile (3.1.4)
  - StartApp (3.2.0)
  - SVProgressHUD (1.1.3)
  - TOWebViewController (2.0.19)
  - UnityAds (1.5.2)
  - VungleAdvertiserSDK (3.1.2)
  - YandexMobileAds (1.9.1):
    - ColorArt
    - TOWebViewController
    - YandexMobileMetrica (= 2.0.0)
  - YandexMobileMetrica (2.0.0):
    - FMDB (~> 2.2)
    - KSCrash/Recording (~> 0.0.4)
    - KSCrash/Reporting/Filters/AppleFmt (~> 0.0.4)
    - protobuf-c (~> 1.0.1)

DEPENDENCIES:
  - Appodeal (~> 0.4.9)
  - Crashlytics
  - Fabric
  - MMWormhole (~> 2.0.0)

SPEC CHECKSUMS:
  AdColony: ab47c3e22be7843e08f90989381a222884be4a62
  AFNetworking: 79f7eb1a0fcfa7beb409332b2ca49afe9ce53b05
  AmazonAds: cd57f753c9828c4765af50b5b30eb8215d367e95
  AppLovin: 37dd70ce3e3ad8876c84632abe35449086fc8e7e
  Appodeal: d2c7df54d83ff6d174f7de4c8fdcc4dfdd4efd88
  ChartboostSDK: 9bf9427b4c306773ea9f7d8cf974b4a3a0f1e61e
  CocoaLumberjack: 019d1361244274a6138c788c6cb80baabc13fb8f
  ColorArt: de0ffb63da4acdde8e234ded62e200236ca3e7e4
  Crashlytics: 41c082440d2e14da444186fff65e79c0b4b35d4c
  Fabric: 190bf1a6eb65f7500de1347d027d2e59a7e53db1
  FBAudienceNetwork: a1bcfb9eb2fecfc5c2caa6e5cfd3331aa5ddda08
  FMDB: 96e8f1bcc1329e269330f99770ad4285d9003e52
  Godzippa: 21621e8ddc2f1521db473a72b48148c3f0e79d76
  Google-Mobile-Ads-SDK: 37315a38a1c6ed738da43a938afb2425099e6759
  InMobiSDK: 1fad97335e55d7fad1907343762764e96bae8815
  KSCrash: 18820e0eedbe54404ddc54e6d022c247932d9323
  Mantle: 1912395033f601de5adc8ee91e48f46e4c7051ad
  MMWormhole: 0cd3fd35a9118b2e2d762b499f54eeaace0be791
  mopub-ios-sdk: 918d38259ad1945e4da10fb8e6241b8754ae4dd2
  MyTarget: 0952098d7f7ea835042ebad20f1ef29ab02903af
  NexageSourceKitCommon: 629eff3bc2135384e817ff8462a602269b100608
  NexageSourceKitMRAID: 143794bbd822a07d4506e222f0f72860c63fe3ec
  protobuf-c: 87088f5a154d5293d9c75b44fc48b497056f4e76
  RevvForMobile: 3ab1fd579640962b3a72e517d0f7c0faa6ed5d6d
  StartApp: 7c1e8f315b813ef856230ece46d69f30e817a85c
  SVProgressHUD: 748080e4f36e603f6c02aec292664239df5279c1
  TOWebViewController: accd62ec0acc8d5c2e1e195c6f7ff7654c3c840c
  UnityAds: 6078c1cc50a900e6f3d49cd8a56a3cc4c05c52dd
  VungleAdvertiserSDK: 31f17fea4935d0879eedfd7cebbeecb411f8a879
  YandexMobileAds: ec7bdbd5a4dc25eb1612e8f3f176eecc7cca4627
  YandexMobileMetrica: 09b508688e95cd16ee472c6afdd01f3c78f05365

COCOAPODS: 0.39.0.beta.5
