PODS:
  - Appodeal/AdColonyAdapter (1.3.7):
    - Appodeal/Core
  - Appodeal/AppLovinAdapter (1.3.7):
    - Appodeal/Core
  - Appodeal/ChartboostAdapter (1.3.7):
    - Appodeal/Core
  - Appodeal/Core (1.3.7)
  - Appodeal/InMobiAdapter (1.3.7):
    - Appodeal/Core
  - Appodeal/MyTargetAdapter (1.3.7):
    - Appodeal/Core
  - Appodeal/StartAppAdapter (1.3.7):
    - Appodeal/Core
  - Appodeal/TapjoyAdapter (1.3.7):
    - Appodeal/Core
  - Appodeal/TwitterMoPubAdapter (1.3.7):
    - Appodeal/Core
  - Appodeal/UnityAdapter (1.3.7):
    - Appodeal/Core
  - Appodeal/Video (1.3.7):
    - Appodeal/AdColonyAdapter
    - Appodeal/AppLovinAdapter
    - Appodeal/ChartboostAdapter
    - Appodeal/InMobiAdapter
    - Appodeal/MyTargetAdapter
    - Appodeal/StartAppAdapter
    - Appodeal/TapjoyAdapter
    - Appodeal/TwitterMoPubAdapter
    - Appodeal/UnityAdapter
    - Appodeal/VungleAdapter
  - Appodeal/VungleAdapter (1.3.7):
    - Appodeal/Core
  - Crashlytics (3.8.3):
    - Fabric (~> 1.6.3)
  - Fabric (1.6.11)
  - MMWormhole (2.0.0):
    - MMWormhole/Core (= 2.0.0)
  - MMWormhole/Core (2.0.0)
  - SimulatorStatusMagic (1.9.2)

DEPENDENCIES:
  - Appodeal/Video (= 1.3.7)
  - Crashlytics
  - Fabric
  - MMWormhole (~> 2.0.0)
  - SimulatorStatusMagic

SPEC CHECKSUMS:
  Appodeal: 4359b7125f1bc645456d0b7ffebe8c95af104a9f
  Crashlytics: 2b6dbe138a42395577cfa73dfa1aa7248cadf39e
  Fabric: 5911403591946b8228ab1c51d98f1d7137e863c6
  MMWormhole: 0cd3fd35a9118b2e2d762b499f54eeaace0be791
  SimulatorStatusMagic: f6cf062b0e5a2df6f000bb0f98d1ae6977c8dbc1

PODFILE CHECKSUM: d328eec491db3e9aee60ddc7b4b8d7673fc82915

COCOAPODS: 1.1.1
