// !$*UTF8*$!
{
	archiveVersion = 1;
	classes = {
	};
	objectVersion = 46;
	objects = {

/* Begin PBXBuildFile section */
		84039F181A4B103100C5391E /* NotificationsHelper.swift in Sources */ = {isa = PBXBuildFile; fileRef = 84039F171A4B103100C5391E /* NotificationsHelper.swift */; };
		840476571A35FE4A004F0FEF /* ConsumptionRateViewController.swift in Sources */ = {isa = PBXBuildFile; fileRef = 840476561A35FE4A004F0FEF /* ConsumptionRateViewController.swift */; };
		840476591A35FE82004F0FEF /* NotificationsViewController.swift in Sources */ = {isa = PBXBuildFile; fileRef = 840476581A35FE82004F0FEF /* NotificationsViewController.swift */; };
		8404765B1A360273004F0FEF /* SupportViewController.swift in Sources */ = {isa = PBXBuildFile; fileRef = 8404765A1A360273004F0FEF /* SupportViewController.swift */; };
		8406D78119FE9875001C54BF /* Units.swift in Sources */ = {isa = PBXBuildFile; fileRef = 8406D78019FE9875001C54BF /* Units.swift */; };
		84126A851A278F4A00A66347 /* MonthStatisticsDayButton.swift in Sources */ = {isa = PBXBuildFile; fileRef = 84126A821A278F4A00A66347 /* MonthStatisticsDayButton.swift */; };
		84126A871A278F4A00A66347 /* MonthStatisticsView.swift in Sources */ = {isa = PBXBuildFile; fileRef = 84126A841A278F4A00A66347 /* MonthStatisticsView.swift */; };
		841B13BC1A31D55500249426 /* RevealedViewControllers.swift in Sources */ = {isa = PBXBuildFile; fileRef = 841B13BB1A31D55500249426 /* RevealedViewControllers.swift */; };
		841B13BE1A31FE4F00249426 /* UIHelper.swift in Sources */ = {isa = PBXBuildFile; fileRef = 841B13BD1A31FE4F00249426 /* UIHelper.swift */; };
		8424AA011A0A7009009C5C47 /* DiaryViewController.swift in Sources */ = {isa = PBXBuildFile; fileRef = 8424AA001A0A7009009C5C47 /* DiaryViewController.swift */; };
		8424AA061A0B5813009C5C47 /* MultiProgressView.swift in Sources */ = {isa = PBXBuildFile; fileRef = 8424AA051A0B5813009C5C47 /* MultiProgressView.swift */; };
		84380C2819E4195A0026398E /* Consumption.swift in Sources */ = {isa = PBXBuildFile; fileRef = 84380C2719E4195A0026398E /* Consumption.swift */; };
		84380C2A19E4195A0026398E /* RecentAmount.swift in Sources */ = {isa = PBXBuildFile; fileRef = 84380C2919E4195A0026398E /* RecentAmount.swift */; };
		84380C2C19E4195A0026398E /* Drink.swift in Sources */ = {isa = PBXBuildFile; fileRef = 84380C2B19E4195A0026398E /* Drink.swift */; };
		843B055E19E2D7800097A833 /* AppDelegate.swift in Sources */ = {isa = PBXBuildFile; fileRef = 843B055319E2D7800097A833 /* AppDelegate.swift */; };
		843B055F19E2D7800097A833 /* SettingsTableViewController.swift in Sources */ = {isa = PBXBuildFile; fileRef = 843B055519E2D7800097A833 /* SettingsTableViewController.swift */; };
		843B056019E2D7800097A833 /* StatisticsViewController.swift in Sources */ = {isa = PBXBuildFile; fileRef = 843B055619E2D7800097A833 /* StatisticsViewController.swift */; };
		843B056119E2D7800097A833 /* DayViewController.swift in Sources */ = {isa = PBXBuildFile; fileRef = 843B055719E2D7800097A833 /* DayViewController.swift */; };
		843B056219E2D7800097A833 /* SelectDrinkViewController.swift in Sources */ = {isa = PBXBuildFile; fileRef = 843B055819E2D7800097A833 /* SelectDrinkViewController.swift */; };
		843B056319E2D7800097A833 /* SWRevealViewController.m in Sources */ = {isa = PBXBuildFile; fileRef = 843B055B19E2D7800097A833 /* SWRevealViewController.m */; };
		843B056919E2D80E0097A833 /* ConsumptionRate.swift in Sources */ = {isa = PBXBuildFile; fileRef = 843B056819E2D80E0097A833 /* ConsumptionRate.swift */; };
		8455DACF1A694487004245F9 /* RoundedButton.swift in Sources */ = {isa = PBXBuildFile; fileRef = 8455DACE1A694487004245F9 /* RoundedButton.swift */; };
		8455DAD11A694D8A004245F9 /* CompleteViewController.swift in Sources */ = {isa = PBXBuildFile; fileRef = 8455DAD01A694D8A004245F9 /* CompleteViewController.swift */; };
		84669A7219DAD78D003C2263 /* Water_Me.xcdatamodeld in Sources */ = {isa = PBXBuildFile; fileRef = 84669A7019DAD78D003C2263 /* Water_Me.xcdatamodeld */; };
		84669A7719DAD78D003C2263 /* Main.storyboard in Resources */ = {isa = PBXBuildFile; fileRef = 84669A7519DAD78D003C2263 /* Main.storyboard */; };
		84669A7919DAD78D003C2263 /* Images.xcassets in Resources */ = {isa = PBXBuildFile; fileRef = 84669A7819DAD78D003C2263 /* Images.xcassets */; };
		84669A7C19DAD78D003C2263 /* LaunchScreen.xib in Resources */ = {isa = PBXBuildFile; fileRef = 84669A7A19DAD78D003C2263 /* LaunchScreen.xib */; };
		84669A8819DAD78D003C2263 /* Water_MeTests.swift in Sources */ = {isa = PBXBuildFile; fileRef = 84669A8719DAD78D003C2263 /* Water_MeTests.swift */; };
		8468D6421A0D1C240008D027 /* DateHelper.swift in Sources */ = {isa = PBXBuildFile; fileRef = 8468D6411A0D1C240008D027 /* DateHelper.swift */; };
		8478253719EAC8C200588FE3 /* ConsumptionViewController.swift in Sources */ = {isa = PBXBuildFile; fileRef = 8478253619EAC8C200588FE3 /* ConsumptionViewController.swift */; };
		8488A18E1A53FE6500258EC8 /* NotificationsSoundViewController.swift in Sources */ = {isa = PBXBuildFile; fileRef = 8488A18D1A53FE6500258EC8 /* NotificationsSoundViewController.swift */; };
		8488A1911A540BAC00258EC8 /* low_power.wav in Resources */ = {isa = PBXBuildFile; fileRef = 8488A1901A540BAC00258EC8 /* low_power.wav */; };
		84B0F12B19E406CB00E21AA9 /* CoreDataPrePopulation.swift in Sources */ = {isa = PBXBuildFile; fileRef = 84B0F12A19E406CB00E21AA9 /* CoreDataPrePopulation.swift */; };
		84B639831A25D9EF00889438 /* WeekStatisticsView.swift in Sources */ = {isa = PBXBuildFile; fileRef = 84B639811A25D9EF00889438 /* WeekStatisticsView.swift */; };
		84B639841A25D9EF00889438 /* YearStatisticsView.swift in Sources */ = {isa = PBXBuildFile; fileRef = 84B639821A25D9EF00889438 /* YearStatisticsView.swift */; };
		84C610BA1A319DBC00433EF1 /* MonthStatisticsViewController.swift in Sources */ = {isa = PBXBuildFile; fileRef = 84C610B91A319DBC00433EF1 /* MonthStatisticsViewController.swift */; };
		84C610BC1A31A98900433EF1 /* YearStatisticsViewController.swift in Sources */ = {isa = PBXBuildFile; fileRef = 84C610BB1A31A98900433EF1 /* YearStatisticsViewController.swift */; };
		84F9DD981A16574E003D6444 /* PickTimeViewController.swift in Sources */ = {isa = PBXBuildFile; fileRef = 84F9DD971A16574E003D6444 /* PickTimeViewController.swift */; };
		A5275F831A1212930088AF47 /* CalendarDayButton.swift in Sources */ = {isa = PBXBuildFile; fileRef = A5275F801A1212930088AF47 /* CalendarDayButton.swift */; };
		A5275F851A1212930088AF47 /* CalendarView.swift in Sources */ = {isa = PBXBuildFile; fileRef = A5275F821A1212930088AF47 /* CalendarView.swift */; };
		A5275F871A1216090088AF47 /* CalendarViewController.swift in Sources */ = {isa = PBXBuildFile; fileRef = A5275F861A1216090088AF47 /* CalendarViewController.swift */; };
		A53869731A4989A6000E03DC /* NotificationsTimePickerViewController.swift in Sources */ = {isa = PBXBuildFile; fileRef = A53869721A4989A6000E03DC /* NotificationsTimePickerViewController.swift */; };
		A53869751A49D5FE000E03DC /* NotificationsIntervalPickerViewController.swift in Sources */ = {isa = PBXBuildFile; fileRef = A53869741A49D5FE000E03DC /* NotificationsIntervalPickerViewController.swift */; };
		A5637BCB1A52AF11009489F6 /* DrinkCollectionViewCell.swift in Sources */ = {isa = PBXBuildFile; fileRef = A5637BCA1A52AF11009489F6 /* DrinkCollectionViewCell.swift */; };
		A59113D81A50665C007B4241 /* InfoPlist.strings in Resources */ = {isa = PBXBuildFile; fileRef = A59113DA1A50665C007B4241 /* InfoPlist.strings */; };
		A59113DD1A50665C007B4241 /* Localizable.strings in Resources */ = {isa = PBXBuildFile; fileRef = A59113DF1A50665C007B4241 /* Localizable.strings */; };
		A59113E21A5069EA007B4241 /* InfoPlist.strings in Resources */ = {isa = PBXBuildFile; fileRef = A59113E41A5069EA007B4241 /* InfoPlist.strings */; };
		A598D5081A6558C100AA89CB /* StyleKit.swift in Sources */ = {isa = PBXBuildFile; fileRef = A598D5071A6558C100AA89CB /* StyleKit.swift */; };
		A598D50A1A6559FB00AA89CB /* DrinkView.swift in Sources */ = {isa = PBXBuildFile; fileRef = A598D5091A6559FB00AA89CB /* DrinkView.swift */; };
		A5A882CE1A2CA8AF00B2A98A /* WeekStatisticsViewController.swift in Sources */ = {isa = PBXBuildFile; fileRef = A5A882CD1A2CA8AF00B2A98A /* WeekStatisticsViewController.swift */; };
		A5B75A1419E5686C00D0477B /* ModelHelper.swift in Sources */ = {isa = PBXBuildFile; fileRef = A5B75A1319E5686C00D0477B /* ModelHelper.swift */; };
		A5B75A1619E57D3500D0477B /* NamedEntity.swift in Sources */ = {isa = PBXBuildFile; fileRef = A5B75A1519E57D3500D0477B /* NamedEntity.swift */; };
		A5E70A7019E30BEE006E5FC0 /* Settings.swift in Sources */ = {isa = PBXBuildFile; fileRef = A5E70A6F19E30BEE006E5FC0 /* Settings.swift */; };
/* End PBXBuildFile section */

/* Begin PBXContainerItemProxy section */
		84669A8219DAD78D003C2263 /* PBXContainerItemProxy */ = {
			isa = PBXContainerItemProxy;
			containerPortal = 84669A6119DAD78D003C2263 /* Project object */;
			proxyType = 1;
			remoteGlobalIDString = 84669A6819DAD78D003C2263;
			remoteInfo = "Water Me";
		};
/* End PBXContainerItemProxy section */

/* Begin PBXFileReference section */
		84039F171A4B103100C5391E /* NotificationsHelper.swift */ = {isa = PBXFileReference; fileEncoding = 4; lastKnownFileType = sourcecode.swift; path = NotificationsHelper.swift; sourceTree = "<group>"; };
		840476561A35FE4A004F0FEF /* ConsumptionRateViewController.swift */ = {isa = PBXFileReference; fileEncoding = 4; lastKnownFileType = sourcecode.swift; path = ConsumptionRateViewController.swift; sourceTree = "<group>"; };
		840476581A35FE82004F0FEF /* NotificationsViewController.swift */ = {isa = PBXFileReference; fileEncoding = 4; lastKnownFileType = sourcecode.swift; path = NotificationsViewController.swift; sourceTree = "<group>"; };
		8404765A1A360273004F0FEF /* SupportViewController.swift */ = {isa = PBXFileReference; fileEncoding = 4; lastKnownFileType = sourcecode.swift; path = SupportViewController.swift; sourceTree = "<group>"; };
		8406D78019FE9875001C54BF /* Units.swift */ = {isa = PBXFileReference; fileEncoding = 4; lastKnownFileType = sourcecode.swift; lineEnding = 0; path = Units.swift; sourceTree = "<group>"; xcLanguageSpecificationIdentifier = xcode.lang.swift; };
		84126A821A278F4A00A66347 /* MonthStatisticsDayButton.swift */ = {isa = PBXFileReference; fileEncoding = 4; lastKnownFileType = sourcecode.swift; name = MonthStatisticsDayButton.swift; path = Controls/MonthStatisticsDayButton.swift; sourceTree = "<group>"; };
		84126A841A278F4A00A66347 /* MonthStatisticsView.swift */ = {isa = PBXFileReference; fileEncoding = 4; lastKnownFileType = sourcecode.swift; name = MonthStatisticsView.swift; path = Controls/MonthStatisticsView.swift; sourceTree = "<group>"; };
		841B13BB1A31D55500249426 /* RevealedViewControllers.swift */ = {isa = PBXFileReference; fileEncoding = 4; lastKnownFileType = sourcecode.swift; path = RevealedViewControllers.swift; sourceTree = "<group>"; };
		841B13BD1A31FE4F00249426 /* UIHelper.swift */ = {isa = PBXFileReference; fileEncoding = 4; lastKnownFileType = sourcecode.swift; path = UIHelper.swift; sourceTree = "<group>"; };
		8424AA001A0A7009009C5C47 /* DiaryViewController.swift */ = {isa = PBXFileReference; fileEncoding = 4; lastKnownFileType = sourcecode.swift; path = DiaryViewController.swift; sourceTree = "<group>"; };
		8424AA051A0B5813009C5C47 /* MultiProgressView.swift */ = {isa = PBXFileReference; fileEncoding = 4; lastKnownFileType = sourcecode.swift; name = MultiProgressView.swift; path = Controls/MultiProgressView.swift; sourceTree = "<group>"; };
		84380C2719E4195A0026398E /* Consumption.swift */ = {isa = PBXFileReference; fileEncoding = 4; lastKnownFileType = sourcecode.swift; path = Consumption.swift; sourceTree = "<group>"; };
		84380C2919E4195A0026398E /* RecentAmount.swift */ = {isa = PBXFileReference; fileEncoding = 4; lastKnownFileType = sourcecode.swift; path = RecentAmount.swift; sourceTree = "<group>"; };
		84380C2B19E4195A0026398E /* Drink.swift */ = {isa = PBXFileReference; fileEncoding = 4; lastKnownFileType = sourcecode.swift; path = Drink.swift; sourceTree = "<group>"; };
		843B055319E2D7800097A833 /* AppDelegate.swift */ = {isa = PBXFileReference; fileEncoding = 4; lastKnownFileType = sourcecode.swift; path = AppDelegate.swift; sourceTree = "<group>"; };
		843B055519E2D7800097A833 /* SettingsTableViewController.swift */ = {isa = PBXFileReference; fileEncoding = 4; lastKnownFileType = sourcecode.swift; path = SettingsTableViewController.swift; sourceTree = "<group>"; };
		843B055619E2D7800097A833 /* StatisticsViewController.swift */ = {isa = PBXFileReference; fileEncoding = 4; lastKnownFileType = sourcecode.swift; path = StatisticsViewController.swift; sourceTree = "<group>"; };
		843B055719E2D7800097A833 /* DayViewController.swift */ = {isa = PBXFileReference; fileEncoding = 4; lastKnownFileType = sourcecode.swift; path = DayViewController.swift; sourceTree = "<group>"; };
		843B055819E2D7800097A833 /* SelectDrinkViewController.swift */ = {isa = PBXFileReference; fileEncoding = 4; lastKnownFileType = sourcecode.swift; lineEnding = 0; path = SelectDrinkViewController.swift; sourceTree = "<group>"; xcLanguageSpecificationIdentifier = xcode.lang.swift; };
		843B055A19E2D7800097A833 /* SWRevealViewController.h */ = {isa = PBXFileReference; fileEncoding = 4; lastKnownFileType = sourcecode.c.h; lineEnding = 0; path = SWRevealViewController.h; sourceTree = "<group>"; xcLanguageSpecificationIdentifier = xcode.lang.objcpp; };
		843B055B19E2D7800097A833 /* SWRevealViewController.m */ = {isa = PBXFileReference; fileEncoding = 4; lastKnownFileType = sourcecode.c.objc; lineEnding = 0; path = SWRevealViewController.m; sourceTree = "<group>"; xcLanguageSpecificationIdentifier = xcode.lang.objc; };
		843B055C19E2D7800097A833 /* Water Me-Bridging-Header.h */ = {isa = PBXFileReference; fileEncoding = 4; lastKnownFileType = sourcecode.c.h; path = "Water Me-Bridging-Header.h"; sourceTree = "<group>"; };
		843B056819E2D80E0097A833 /* ConsumptionRate.swift */ = {isa = PBXFileReference; fileEncoding = 4; lastKnownFileType = sourcecode.swift; path = ConsumptionRate.swift; sourceTree = "<group>"; };
		8455DACE1A694487004245F9 /* RoundedButton.swift */ = {isa = PBXFileReference; fileEncoding = 4; lastKnownFileType = sourcecode.swift; name = RoundedButton.swift; path = Controls/RoundedButton.swift; sourceTree = "<group>"; };
		8455DAD01A694D8A004245F9 /* CompleteViewController.swift */ = {isa = PBXFileReference; fileEncoding = 4; lastKnownFileType = sourcecode.swift; path = CompleteViewController.swift; sourceTree = "<group>"; };
		84669A6919DAD78D003C2263 /* Water Me.app */ = {isa = PBXFileReference; explicitFileType = wrapper.application; includeInIndex = 0; path = "Water Me.app"; sourceTree = BUILT_PRODUCTS_DIR; };
		84669A6D19DAD78D003C2263 /* Info.plist */ = {isa = PBXFileReference; lastKnownFileType = text.plist.xml; path = Info.plist; sourceTree = "<group>"; };
		84669A7119DAD78D003C2263 /* Water_Me.xcdatamodel */ = {isa = PBXFileReference; lastKnownFileType = wrapper.xcdatamodel; path = Water_Me.xcdatamodel; sourceTree = "<group>"; };
		84669A7619DAD78D003C2263 /* Base */ = {isa = PBXFileReference; lastKnownFileType = file.storyboard; name = Base; path = Base.lproj/Main.storyboard; sourceTree = "<group>"; };
		84669A7819DAD78D003C2263 /* Images.xcassets */ = {isa = PBXFileReference; lastKnownFileType = folder.assetcatalog; path = Images.xcassets; sourceTree = "<group>"; };
		84669A7B19DAD78D003C2263 /* Base */ = {isa = PBXFileReference; lastKnownFileType = file.xib; name = Base; path = Base.lproj/LaunchScreen.xib; sourceTree = "<group>"; };
		84669A8119DAD78D003C2263 /* Water MeTests.xctest */ = {isa = PBXFileReference; explicitFileType = wrapper.cfbundle; includeInIndex = 0; path = "Water MeTests.xctest"; sourceTree = BUILT_PRODUCTS_DIR; };
		84669A8619DAD78D003C2263 /* Info.plist */ = {isa = PBXFileReference; lastKnownFileType = text.plist.xml; path = Info.plist; sourceTree = "<group>"; };
		84669A8719DAD78D003C2263 /* Water_MeTests.swift */ = {isa = PBXFileReference; lastKnownFileType = sourcecode.swift; path = Water_MeTests.swift; sourceTree = "<group>"; };
		8468D6411A0D1C240008D027 /* DateHelper.swift */ = {isa = PBXFileReference; fileEncoding = 4; lastKnownFileType = sourcecode.swift; path = DateHelper.swift; sourceTree = "<group>"; };
		8478253619EAC8C200588FE3 /* ConsumptionViewController.swift */ = {isa = PBXFileReference; fileEncoding = 4; lastKnownFileType = sourcecode.swift; lineEnding = 0; path = ConsumptionViewController.swift; sourceTree = "<group>"; xcLanguageSpecificationIdentifier = xcode.lang.swift; };
		8488A18D1A53FE6500258EC8 /* NotificationsSoundViewController.swift */ = {isa = PBXFileReference; fileEncoding = 4; lastKnownFileType = sourcecode.swift; path = NotificationsSoundViewController.swift; sourceTree = "<group>"; };
		8488A1901A540BAC00258EC8 /* low_power.wav */ = {isa = PBXFileReference; lastKnownFileType = audio.wav; name = low_power.wav; path = Sounds/low_power.wav; sourceTree = "<group>"; };
		84B0F12A19E406CB00E21AA9 /* CoreDataPrePopulation.swift */ = {isa = PBXFileReference; fileEncoding = 4; lastKnownFileType = sourcecode.swift; path = CoreDataPrePopulation.swift; sourceTree = "<group>"; };
		84B639811A25D9EF00889438 /* WeekStatisticsView.swift */ = {isa = PBXFileReference; fileEncoding = 4; lastKnownFileType = sourcecode.swift; name = WeekStatisticsView.swift; path = Controls/WeekStatisticsView.swift; sourceTree = "<group>"; };
		84B639821A25D9EF00889438 /* YearStatisticsView.swift */ = {isa = PBXFileReference; fileEncoding = 4; lastKnownFileType = sourcecode.swift; name = YearStatisticsView.swift; path = Controls/YearStatisticsView.swift; sourceTree = "<group>"; };
		84C610B91A319DBC00433EF1 /* MonthStatisticsViewController.swift */ = {isa = PBXFileReference; fileEncoding = 4; lastKnownFileType = sourcecode.swift; path = MonthStatisticsViewController.swift; sourceTree = "<group>"; };
		84C610BB1A31A98900433EF1 /* YearStatisticsViewController.swift */ = {isa = PBXFileReference; fileEncoding = 4; lastKnownFileType = sourcecode.swift; path = YearStatisticsViewController.swift; sourceTree = "<group>"; };
		84F9DD971A16574E003D6444 /* PickTimeViewController.swift */ = {isa = PBXFileReference; fileEncoding = 4; lastKnownFileType = sourcecode.swift; path = PickTimeViewController.swift; sourceTree = "<group>"; };
		A5275F801A1212930088AF47 /* CalendarDayButton.swift */ = {isa = PBXFileReference; fileEncoding = 4; lastKnownFileType = sourcecode.swift; name = CalendarDayButton.swift; path = Controls/CalendarDayButton.swift; sourceTree = "<group>"; };
		A5275F821A1212930088AF47 /* CalendarView.swift */ = {isa = PBXFileReference; fileEncoding = 4; lastKnownFileType = sourcecode.swift; name = CalendarView.swift; path = Controls/CalendarView.swift; sourceTree = "<group>"; };
		A5275F861A1216090088AF47 /* CalendarViewController.swift */ = {isa = PBXFileReference; fileEncoding = 4; lastKnownFileType = sourcecode.swift; path = CalendarViewController.swift; sourceTree = "<group>"; };
		A53869721A4989A6000E03DC /* NotificationsTimePickerViewController.swift */ = {isa = PBXFileReference; fileEncoding = 4; lastKnownFileType = sourcecode.swift; path = NotificationsTimePickerViewController.swift; sourceTree = "<group>"; };
		A53869741A49D5FE000E03DC /* NotificationsIntervalPickerViewController.swift */ = {isa = PBXFileReference; fileEncoding = 4; lastKnownFileType = sourcecode.swift; path = NotificationsIntervalPickerViewController.swift; sourceTree = "<group>"; };
		A5637BCA1A52AF11009489F6 /* DrinkCollectionViewCell.swift */ = {isa = PBXFileReference; fileEncoding = 4; lastKnownFileType = sourcecode.swift; name = DrinkCollectionViewCell.swift; path = Controls/DrinkCollectionViewCell.swift; sourceTree = "<group>"; };
		A59113CF1A5054ED007B4241 /* ru */ = {isa = PBXFileReference; lastKnownFileType = text.plist.strings; name = ru; path = ru.lproj/LaunchScreen.strings; sourceTree = "<group>"; };
		A59113D01A5054ED007B4241 /* ru */ = {isa = PBXFileReference; lastKnownFileType = text.plist.strings; name = ru; path = ru.lproj/Main.strings; sourceTree = "<group>"; };
		A59113D91A50665C007B4241 /* ru */ = {isa = PBXFileReference; lastKnownFileType = text.plist.strings; name = ru; path = ru.lproj/InfoPlist.strings; sourceTree = "<group>"; };
		A59113DE1A50665C007B4241 /* ru */ = {isa = PBXFileReference; lastKnownFileType = text.plist.strings; name = ru; path = ru.lproj/Localizable.strings; sourceTree = "<group>"; };
		A59113E31A5069EA007B4241 /* ru */ = {isa = PBXFileReference; lastKnownFileType = text.plist.strings; name = ru; path = ru.lproj/InfoPlist.strings; sourceTree = "<group>"; };
		A598D5071A6558C100AA89CB /* StyleKit.swift */ = {isa = PBXFileReference; fileEncoding = 4; lastKnownFileType = sourcecode.swift; path = StyleKit.swift; sourceTree = "<group>"; };
		A598D5091A6559FB00AA89CB /* DrinkView.swift */ = {isa = PBXFileReference; fileEncoding = 4; lastKnownFileType = sourcecode.swift; name = DrinkView.swift; path = Controls/DrinkView.swift; sourceTree = "<group>"; };
		A5A882CD1A2CA8AF00B2A98A /* WeekStatisticsViewController.swift */ = {isa = PBXFileReference; fileEncoding = 4; lastKnownFileType = sourcecode.swift; path = WeekStatisticsViewController.swift; sourceTree = "<group>"; };
		A5B75A1319E5686C00D0477B /* ModelHelper.swift */ = {isa = PBXFileReference; fileEncoding = 4; lastKnownFileType = sourcecode.swift; path = ModelHelper.swift; sourceTree = "<group>"; };
		A5B75A1519E57D3500D0477B /* NamedEntity.swift */ = {isa = PBXFileReference; fileEncoding = 4; lastKnownFileType = sourcecode.swift; path = NamedEntity.swift; sourceTree = "<group>"; };
		A5E70A6F19E30BEE006E5FC0 /* Settings.swift */ = {isa = PBXFileReference; fileEncoding = 4; lastKnownFileType = sourcecode.swift; lineEnding = 0; path = Settings.swift; sourceTree = "<group>"; xcLanguageSpecificationIdentifier = xcode.lang.swift; };
/* End PBXFileReference section */

/* Begin PBXFrameworksBuildPhase section */
		84669A6619DAD78D003C2263 /* Frameworks */ = {
			isa = PBXFrameworksBuildPhase;
			buildActionMask = 2147483647;
			files = (
			);
			runOnlyForDeploymentPostprocessing = 0;
		};
		84669A7E19DAD78D003C2263 /* Frameworks */ = {
			isa = PBXFrameworksBuildPhase;
			buildActionMask = 2147483647;
			files = (
			);
			runOnlyForDeploymentPostprocessing = 0;
		};
/* End PBXFrameworksBuildPhase section */

/* Begin PBXGroup section */
		8424AA041A0B57F9009C5C47 /* Controls */ = {
			isa = PBXGroup;
			children = (
				A5637BCA1A52AF11009489F6 /* DrinkCollectionViewCell.swift */,
				A598D5091A6559FB00AA89CB /* DrinkView.swift */,
				84126A821A278F4A00A66347 /* MonthStatisticsDayButton.swift */,
				84126A841A278F4A00A66347 /* MonthStatisticsView.swift */,
				84B639811A25D9EF00889438 /* WeekStatisticsView.swift */,
				84B639821A25D9EF00889438 /* YearStatisticsView.swift */,
				A5275F801A1212930088AF47 /* CalendarDayButton.swift */,
				A5275F821A1212930088AF47 /* CalendarView.swift */,
				8424AA051A0B5813009C5C47 /* MultiProgressView.swift */,
				8455DACE1A694487004245F9 /* RoundedButton.swift */,
			);
			name = Controls;
			sourceTree = "<group>";
		};
		843B055219E2D7800097A833 /* AppDelegates */ = {
			isa = PBXGroup;
			children = (
				843B055319E2D7800097A833 /* AppDelegate.swift */,
			);
			path = AppDelegates;
			sourceTree = "<group>";
		};
		843B055419E2D7800097A833 /* Controllers */ = {
			isa = PBXGroup;
			children = (
				843B055719E2D7800097A833 /* DayViewController.swift */,
				843B055819E2D7800097A833 /* SelectDrinkViewController.swift */,
				8424AA001A0A7009009C5C47 /* DiaryViewController.swift */,
				8478253619EAC8C200588FE3 /* ConsumptionViewController.swift */,
				A5275F861A1216090088AF47 /* CalendarViewController.swift */,
				843B055519E2D7800097A833 /* SettingsTableViewController.swift */,
				843B055619E2D7800097A833 /* StatisticsViewController.swift */,
				84F9DD971A16574E003D6444 /* PickTimeViewController.swift */,
				A5A882CD1A2CA8AF00B2A98A /* WeekStatisticsViewController.swift */,
				84C610B91A319DBC00433EF1 /* MonthStatisticsViewController.swift */,
				84C610BB1A31A98900433EF1 /* YearStatisticsViewController.swift */,
				841B13BB1A31D55500249426 /* RevealedViewControllers.swift */,
				840476561A35FE4A004F0FEF /* ConsumptionRateViewController.swift */,
				840476581A35FE82004F0FEF /* NotificationsViewController.swift */,
				A53869721A4989A6000E03DC /* NotificationsTimePickerViewController.swift */,
				A53869741A49D5FE000E03DC /* NotificationsIntervalPickerViewController.swift */,
				8488A18D1A53FE6500258EC8 /* NotificationsSoundViewController.swift */,
				8404765A1A360273004F0FEF /* SupportViewController.swift */,
				8455DAD01A694D8A004245F9 /* CompleteViewController.swift */,
			);
			path = Controllers;
			sourceTree = "<group>";
		};
		843B055919E2D7800097A833 /* External */ = {
			isa = PBXGroup;
			children = (
				843B055A19E2D7800097A833 /* SWRevealViewController.h */,
				843B055B19E2D7800097A833 /* SWRevealViewController.m */,
				843B055C19E2D7800097A833 /* Water Me-Bridging-Header.h */,
			);
			path = External;
			sourceTree = "<group>";
		};
		843B055D19E2D7800097A833 /* Models */ = {
			isa = PBXGroup;
			children = (
				84380C2719E4195A0026398E /* Consumption.swift */,
				843B056819E2D80E0097A833 /* ConsumptionRate.swift */,
				84B0F12A19E406CB00E21AA9 /* CoreDataPrePopulation.swift */,
				84380C2B19E4195A0026398E /* Drink.swift */,
				A5B75A1519E57D3500D0477B /* NamedEntity.swift */,
				84380C2919E4195A0026398E /* RecentAmount.swift */,
				A5E70A6F19E30BEE006E5FC0 /* Settings.swift */,
			);
			path = Models;
			sourceTree = "<group>";
		};
		84669A6019DAD78D003C2263 = {
			isa = PBXGroup;
			children = (
				84669A6B19DAD78D003C2263 /* Water Me */,
				84669A8419DAD78D003C2263 /* Water MeTests */,
				84669A6A19DAD78D003C2263 /* Products */,
			);
			sourceTree = "<group>";
		};
		84669A6A19DAD78D003C2263 /* Products */ = {
			isa = PBXGroup;
			children = (
				84669A6919DAD78D003C2263 /* Water Me.app */,
				84669A8119DAD78D003C2263 /* Water MeTests.xctest */,
			);
			name = Products;
			sourceTree = "<group>";
		};
		84669A6B19DAD78D003C2263 /* Water Me */ = {
			isa = PBXGroup;
			children = (
				8488A18F1A540B9300258EC8 /* Sounds */,
				84669A7819DAD78D003C2263 /* Images.xcassets */,
				843B055219E2D7800097A833 /* AppDelegates */,
				843B055419E2D7800097A833 /* Controllers */,
				8424AA041A0B57F9009C5C47 /* Controls */,
				843B055919E2D7800097A833 /* External */,
				A5B75A1219E55CBB00D0477B /* Helpers */,
				843B055D19E2D7800097A833 /* Models */,
				84669A6C19DAD78D003C2263 /* Supporting Files */,
				84669A7019DAD78D003C2263 /* Water_Me.xcdatamodeld */,
				84669A7A19DAD78D003C2263 /* LaunchScreen.xib */,
				84669A7519DAD78D003C2263 /* Main.storyboard */,
			);
			path = "Water Me";
			sourceTree = "<group>";
		};
		84669A6C19DAD78D003C2263 /* Supporting Files */ = {
			isa = PBXGroup;
			children = (
				A59113E41A5069EA007B4241 /* InfoPlist.strings */,
				A59113DF1A50665C007B4241 /* Localizable.strings */,
				84669A6D19DAD78D003C2263 /* Info.plist */,
			);
			name = "Supporting Files";
			sourceTree = "<group>";
		};
		84669A8419DAD78D003C2263 /* Water MeTests */ = {
			isa = PBXGroup;
			children = (
				84669A8719DAD78D003C2263 /* Water_MeTests.swift */,
				84669A8519DAD78D003C2263 /* Supporting Files */,
			);
			path = "Water MeTests";
			sourceTree = "<group>";
		};
		84669A8519DAD78D003C2263 /* Supporting Files */ = {
			isa = PBXGroup;
			children = (
				A59113DA1A50665C007B4241 /* InfoPlist.strings */,
				84669A8619DAD78D003C2263 /* Info.plist */,
			);
			name = "Supporting Files";
			sourceTree = "<group>";
		};
		8488A18F1A540B9300258EC8 /* Sounds */ = {
			isa = PBXGroup;
			children = (
				8488A1901A540BAC00258EC8 /* low_power.wav */,
			);
			name = Sounds;
			sourceTree = "<group>";
		};
		A5B75A1219E55CBB00D0477B /* Helpers */ = {
			isa = PBXGroup;
			children = (
				A598D5071A6558C100AA89CB /* StyleKit.swift */,
				8468D6411A0D1C240008D027 /* DateHelper.swift */,
				A5B75A1319E5686C00D0477B /* ModelHelper.swift */,
				8406D78019FE9875001C54BF /* Units.swift */,
				841B13BD1A31FE4F00249426 /* UIHelper.swift */,
				84039F171A4B103100C5391E /* NotificationsHelper.swift */,
			);
			path = Helpers;
			sourceTree = "<group>";
		};
/* End PBXGroup section */

/* Begin PBXNativeTarget section */
		84669A6819DAD78D003C2263 /* Water Me */ = {
			isa = PBXNativeTarget;
			buildConfigurationList = 84669A8B19DAD78D003C2263 /* Build configuration list for PBXNativeTarget "Water Me" */;
			buildPhases = (
				84669A6519DAD78D003C2263 /* Sources */,
				84669A6619DAD78D003C2263 /* Frameworks */,
				84669A6719DAD78D003C2263 /* Resources */,
			);
			buildRules = (
			);
			dependencies = (
			);
			name = "Water Me";
			productName = "Water Me";
			productReference = 84669A6919DAD78D003C2263 /* Water Me.app */;
			productType = "com.apple.product-type.application";
		};
		84669A8019DAD78D003C2263 /* Water MeTests */ = {
			isa = PBXNativeTarget;
			buildConfigurationList = 84669A8E19DAD78D003C2263 /* Build configuration list for PBXNativeTarget "Water MeTests" */;
			buildPhases = (
				84669A7D19DAD78D003C2263 /* Sources */,
				84669A7E19DAD78D003C2263 /* Frameworks */,
				84669A7F19DAD78D003C2263 /* Resources */,
			);
			buildRules = (
			);
			dependencies = (
				84669A8319DAD78D003C2263 /* PBXTargetDependency */,
			);
			name = "Water MeTests";
			productName = "Water MeTests";
			productReference = 84669A8119DAD78D003C2263 /* Water MeTests.xctest */;
			productType = "com.apple.product-type.bundle.unit-test";
		};
/* End PBXNativeTarget section */

/* Begin PBXProject section */
		84669A6119DAD78D003C2263 /* Project object */ = {
			isa = PBXProject;
			attributes = {
				LastUpgradeCheck = 0600;
				ORGANIZATIONNAME = "Sergey Balyakin";
				TargetAttributes = {
					84669A6819DAD78D003C2263 = {
						CreatedOnToolsVersion = 6.0.1;
					};
					84669A8019DAD78D003C2263 = {
						CreatedOnToolsVersion = 6.0.1;
						TestTargetID = 84669A6819DAD78D003C2263;
					};
				};
			};
			buildConfigurationList = 84669A6419DAD78D003C2263 /* Build configuration list for PBXProject "Water Me" */;
			compatibilityVersion = "Xcode 3.2";
			developmentRegion = English;
			hasScannedForEncodings = 0;
			knownRegions = (
				en,
				Base,
			);
			mainGroup = 84669A6019DAD78D003C2263;
			productRefGroup = 84669A6A19DAD78D003C2263 /* Products */;
			projectDirPath = "";
			projectRoot = "";
			targets = (
				84669A6819DAD78D003C2263 /* Water Me */,
				84669A8019DAD78D003C2263 /* Water MeTests */,
			);
		};
/* End PBXProject section */

/* Begin PBXResourcesBuildPhase section */
		84669A6719DAD78D003C2263 /* Resources */ = {
			isa = PBXResourcesBuildPhase;
			buildActionMask = 2147483647;
			files = (
				A59113DD1A50665C007B4241 /* Localizable.strings in Resources */,
				84669A7719DAD78D003C2263 /* Main.storyboard in Resources */,
				84669A7C19DAD78D003C2263 /* LaunchScreen.xib in Resources */,
				84669A7919DAD78D003C2263 /* Images.xcassets in Resources */,
				A59113E21A5069EA007B4241 /* InfoPlist.strings in Resources */,
				8488A1911A540BAC00258EC8 /* low_power.wav in Resources */,
			);
			runOnlyForDeploymentPostprocessing = 0;
		};
		84669A7F19DAD78D003C2263 /* Resources */ = {
			isa = PBXResourcesBuildPhase;
			buildActionMask = 2147483647;
			files = (
				A59113D81A50665C007B4241 /* InfoPlist.strings in Resources */,
			);
			runOnlyForDeploymentPostprocessing = 0;
		};
/* End PBXResourcesBuildPhase section */

/* Begin PBXSourcesBuildPhase section */
		84669A6519DAD78D003C2263 /* Sources */ = {
			isa = PBXSourcesBuildPhase;
			buildActionMask = 2147483647;
			files = (
				A598D5081A6558C100AA89CB /* StyleKit.swift in Sources */,
				A5275F871A1216090088AF47 /* CalendarViewController.swift in Sources */,
				840476571A35FE4A004F0FEF /* ConsumptionRateViewController.swift in Sources */,
				843B056319E2D7800097A833 /* SWRevealViewController.m in Sources */,
				A53869731A4989A6000E03DC /* NotificationsTimePickerViewController.swift in Sources */,
				84126A871A278F4A00A66347 /* MonthStatisticsView.swift in Sources */,
				8424AA061A0B5813009C5C47 /* MultiProgressView.swift in Sources */,
				840476591A35FE82004F0FEF /* NotificationsViewController.swift in Sources */,
				A5275F851A1212930088AF47 /* CalendarView.swift in Sources */,
				843B055E19E2D7800097A833 /* AppDelegate.swift in Sources */,
				84B0F12B19E406CB00E21AA9 /* CoreDataPrePopulation.swift in Sources */,
				A5B75A1419E5686C00D0477B /* ModelHelper.swift in Sources */,
				8468D6421A0D1C240008D027 /* DateHelper.swift in Sources */,
				8406D78119FE9875001C54BF /* Units.swift in Sources */,
				843B056119E2D7800097A833 /* DayViewController.swift in Sources */,
				8488A18E1A53FE6500258EC8 /* NotificationsSoundViewController.swift in Sources */,
				843B056919E2D80E0097A833 /* ConsumptionRate.swift in Sources */,
				A5637BCB1A52AF11009489F6 /* DrinkCollectionViewCell.swift in Sources */,
				8404765B1A360273004F0FEF /* SupportViewController.swift in Sources */,
				A5E70A7019E30BEE006E5FC0 /* Settings.swift in Sources */,
				84039F181A4B103100C5391E /* NotificationsHelper.swift in Sources */,
				843B056219E2D7800097A833 /* SelectDrinkViewController.swift in Sources */,
				841B13BE1A31FE4F00249426 /* UIHelper.swift in Sources */,
				8455DAD11A694D8A004245F9 /* CompleteViewController.swift in Sources */,
				84380C2C19E4195A0026398E /* Drink.swift in Sources */,
				84F9DD981A16574E003D6444 /* PickTimeViewController.swift in Sources */,
				8424AA011A0A7009009C5C47 /* DiaryViewController.swift in Sources */,
				84669A7219DAD78D003C2263 /* Water_Me.xcdatamodeld in Sources */,
				84C610BA1A319DBC00433EF1 /* MonthStatisticsViewController.swift in Sources */,
				84380C2819E4195A0026398E /* Consumption.swift in Sources */,
				A598D50A1A6559FB00AA89CB /* DrinkView.swift in Sources */,
				84C610BC1A31A98900433EF1 /* YearStatisticsViewController.swift in Sources */,
				A5275F831A1212930088AF47 /* CalendarDayButton.swift in Sources */,
				8478253719EAC8C200588FE3 /* ConsumptionViewController.swift in Sources */,
				84126A851A278F4A00A66347 /* MonthStatisticsDayButton.swift in Sources */,
				A5B75A1619E57D3500D0477B /* NamedEntity.swift in Sources */,
				84B639831A25D9EF00889438 /* WeekStatisticsView.swift in Sources */,
				A5A882CE1A2CA8AF00B2A98A /* WeekStatisticsViewController.swift in Sources */,
				A53869751A49D5FE000E03DC /* NotificationsIntervalPickerViewController.swift in Sources */,
				843B055F19E2D7800097A833 /* SettingsTableViewController.swift in Sources */,
				8455DACF1A694487004245F9 /* RoundedButton.swift in Sources */,
				84B639841A25D9EF00889438 /* YearStatisticsView.swift in Sources */,
				84380C2A19E4195A0026398E /* RecentAmount.swift in Sources */,
				841B13BC1A31D55500249426 /* RevealedViewControllers.swift in Sources */,
				843B056019E2D7800097A833 /* StatisticsViewController.swift in Sources */,
			);
			runOnlyForDeploymentPostprocessing = 0;
		};
		84669A7D19DAD78D003C2263 /* Sources */ = {
			isa = PBXSourcesBuildPhase;
			buildActionMask = 2147483647;
			files = (
				84669A8819DAD78D003C2263 /* Water_MeTests.swift in Sources */,
			);
			runOnlyForDeploymentPostprocessing = 0;
		};
/* End PBXSourcesBuildPhase section */

/* Begin PBXTargetDependency section */
		84669A8319DAD78D003C2263 /* PBXTargetDependency */ = {
			isa = PBXTargetDependency;
			target = 84669A6819DAD78D003C2263 /* Water Me */;
			targetProxy = 84669A8219DAD78D003C2263 /* PBXContainerItemProxy */;
		};
/* End PBXTargetDependency section */

/* Begin PBXVariantGroup section */
		84669A7519DAD78D003C2263 /* Main.storyboard */ = {
			isa = PBXVariantGroup;
			children = (
				84669A7619DAD78D003C2263 /* Base */,
				A59113D01A5054ED007B4241 /* ru */,
			);
			name = Main.storyboard;
			sourceTree = "<group>";
		};
		84669A7A19DAD78D003C2263 /* LaunchScreen.xib */ = {
			isa = PBXVariantGroup;
			children = (
				84669A7B19DAD78D003C2263 /* Base */,
				A59113CF1A5054ED007B4241 /* ru */,
			);
			name = LaunchScreen.xib;
			sourceTree = "<group>";
		};
		A59113DA1A50665C007B4241 /* InfoPlist.strings */ = {
			isa = PBXVariantGroup;
			children = (
				A59113D91A50665C007B4241 /* ru */,
			);
			name = InfoPlist.strings;
			sourceTree = "<group>";
		};
		A59113DF1A50665C007B4241 /* Localizable.strings */ = {
			isa = PBXVariantGroup;
			children = (
				A59113DE1A50665C007B4241 /* ru */,
			);
			name = Localizable.strings;
			sourceTree = "<group>";
		};
		A59113E41A5069EA007B4241 /* InfoPlist.strings */ = {
			isa = PBXVariantGroup;
			children = (
				A59113E31A5069EA007B4241 /* ru */,
			);
			name = InfoPlist.strings;
			sourceTree = "<group>";
		};
/* End PBXVariantGroup section */

/* Begin XCBuildConfiguration section */
		84669A8919DAD78D003C2263 /* Debug */ = {
			isa = XCBuildConfiguration;
			buildSettings = {
				ALWAYS_SEARCH_USER_PATHS = NO;
				CLANG_CXX_LANGUAGE_STANDARD = "gnu++0x";
				CLANG_CXX_LIBRARY = "libc++";
				CLANG_ENABLE_MODULES = YES;
				CLANG_ENABLE_OBJC_ARC = YES;
				CLANG_WARN_BOOL_CONVERSION = YES;
				CLANG_WARN_CONSTANT_CONVERSION = YES;
				CLANG_WARN_DIRECT_OBJC_ISA_USAGE = YES_ERROR;
				CLANG_WARN_EMPTY_BODY = YES;
				CLANG_WARN_ENUM_CONVERSION = YES;
				CLANG_WARN_INT_CONVERSION = YES;
				CLANG_WARN_OBJC_ROOT_CLASS = YES_ERROR;
				CLANG_WARN_UNREACHABLE_CODE = YES;
				CLANG_WARN__DUPLICATE_METHOD_MATCH = YES;
				"CODE_SIGN_IDENTITY[sdk=iphoneos*]" = "iPhone Developer";
				COPY_PHASE_STRIP = NO;
				ENABLE_STRICT_OBJC_MSGSEND = YES;
				GCC_C_LANGUAGE_STANDARD = gnu99;
				GCC_DYNAMIC_NO_PIC = NO;
				GCC_OPTIMIZATION_LEVEL = 0;
				GCC_PREPROCESSOR_DEFINITIONS = (
					"DEBUG=1",
					"$(inherited)",
				);
				GCC_SYMBOLS_PRIVATE_EXTERN = NO;
				GCC_WARN_64_TO_32_BIT_CONVERSION = YES;
				GCC_WARN_ABOUT_RETURN_TYPE = YES_ERROR;
				GCC_WARN_UNDECLARED_SELECTOR = YES;
				GCC_WARN_UNINITIALIZED_AUTOS = YES_AGGRESSIVE;
				GCC_WARN_UNUSED_FUNCTION = YES;
				GCC_WARN_UNUSED_VARIABLE = YES;
				IPHONEOS_DEPLOYMENT_TARGET = 8.0;
				MTL_ENABLE_DEBUG_INFO = YES;
				ONLY_ACTIVE_ARCH = YES;
				SDKROOT = iphoneos;
				SWIFT_OPTIMIZATION_LEVEL = "-Onone";
			};
			name = Debug;
		};
		84669A8A19DAD78D003C2263 /* Release */ = {
			isa = XCBuildConfiguration;
			buildSettings = {
				ALWAYS_SEARCH_USER_PATHS = NO;
				CLANG_CXX_LANGUAGE_STANDARD = "gnu++0x";
				CLANG_CXX_LIBRARY = "libc++";
				CLANG_ENABLE_MODULES = YES;
				CLANG_ENABLE_OBJC_ARC = YES;
				CLANG_WARN_BOOL_CONVERSION = YES;
				CLANG_WARN_CONSTANT_CONVERSION = YES;
				CLANG_WARN_DIRECT_OBJC_ISA_USAGE = YES_ERROR;
				CLANG_WARN_EMPTY_BODY = YES;
				CLANG_WARN_ENUM_CONVERSION = YES;
				CLANG_WARN_INT_CONVERSION = YES;
				CLANG_WARN_OBJC_ROOT_CLASS = YES_ERROR;
				CLANG_WARN_UNREACHABLE_CODE = YES;
				CLANG_WARN__DUPLICATE_METHOD_MATCH = YES;
				"CODE_SIGN_IDENTITY[sdk=iphoneos*]" = "iPhone Developer";
				COPY_PHASE_STRIP = YES;
				ENABLE_NS_ASSERTIONS = NO;
				ENABLE_STRICT_OBJC_MSGSEND = YES;
				GCC_C_LANGUAGE_STANDARD = gnu99;
				GCC_WARN_64_TO_32_BIT_CONVERSION = YES;
				GCC_WARN_ABOUT_RETURN_TYPE = YES_ERROR;
				GCC_WARN_UNDECLARED_SELECTOR = YES;
				GCC_WARN_UNINITIALIZED_AUTOS = YES_AGGRESSIVE;
				GCC_WARN_UNUSED_FUNCTION = YES;
				GCC_WARN_UNUSED_VARIABLE = YES;
				IPHONEOS_DEPLOYMENT_TARGET = 8.0;
				MTL_ENABLE_DEBUG_INFO = NO;
				SDKROOT = iphoneos;
				VALIDATE_PRODUCT = YES;
			};
			name = Release;
		};
		84669A8C19DAD78D003C2263 /* Debug */ = {
			isa = XCBuildConfiguration;
			buildSettings = {
				ASSETCATALOG_COMPILER_APPICON_NAME = AppIcon;
				CLANG_ENABLE_MODULES = YES;
				INFOPLIST_FILE = "Water Me/Info.plist";
				LD_RUNPATH_SEARCH_PATHS = "$(inherited) @executable_path/Frameworks";
				PRODUCT_NAME = "$(TARGET_NAME)";
				SWIFT_OBJC_BRIDGING_HEADER = "Water Me/External/Water Me-Bridging-Header.h";
				SWIFT_OPTIMIZATION_LEVEL = "-Onone";
			};
			name = Debug;
		};
		84669A8D19DAD78D003C2263 /* Release */ = {
			isa = XCBuildConfiguration;
			buildSettings = {
				ASSETCATALOG_COMPILER_APPICON_NAME = AppIcon;
				CLANG_ENABLE_MODULES = YES;
				INFOPLIST_FILE = "Water Me/Info.plist";
				LD_RUNPATH_SEARCH_PATHS = "$(inherited) @executable_path/Frameworks";
				PRODUCT_NAME = "$(TARGET_NAME)";
				SWIFT_OBJC_BRIDGING_HEADER = "Water Me/External/Water Me-Bridging-Header.h";
			};
			name = Release;
		};
		84669A8F19DAD78D003C2263 /* Debug */ = {
			isa = XCBuildConfiguration;
			buildSettings = {
				BUNDLE_LOADER = "$(TEST_HOST)";
				FRAMEWORK_SEARCH_PATHS = (
					"$(SDKROOT)/Developer/Library/Frameworks",
					"$(inherited)",
				);
				GCC_PREPROCESSOR_DEFINITIONS = (
					"DEBUG=1",
					"$(inherited)",
				);
				INFOPLIST_FILE = "Water MeTests/Info.plist";
				LD_RUNPATH_SEARCH_PATHS = "$(inherited) @executable_path/Frameworks @loader_path/Frameworks";
				PRODUCT_NAME = "$(TARGET_NAME)";
				TEST_HOST = "$(BUILT_PRODUCTS_DIR)/Water Me.app/Water Me";
			};
			name = Debug;
		};
		84669A9019DAD78D003C2263 /* Release */ = {
			isa = XCBuildConfiguration;
			buildSettings = {
				BUNDLE_LOADER = "$(TEST_HOST)";
				FRAMEWORK_SEARCH_PATHS = (
					"$(SDKROOT)/Developer/Library/Frameworks",
					"$(inherited)",
				);
				INFOPLIST_FILE = "Water MeTests/Info.plist";
				LD_RUNPATH_SEARCH_PATHS = "$(inherited) @executable_path/Frameworks @loader_path/Frameworks";
				PRODUCT_NAME = "$(TARGET_NAME)";
				TEST_HOST = "$(BUILT_PRODUCTS_DIR)/Water Me.app/Water Me";
			};
			name = Release;
		};
/* End XCBuildConfiguration section */

/* Begin XCConfigurationList section */
		84669A6419DAD78D003C2263 /* Build configuration list for PBXProject "Water Me" */ = {
			isa = XCConfigurationList;
			buildConfigurations = (
				84669A8919DAD78D003C2263 /* Debug */,
				84669A8A19DAD78D003C2263 /* Release */,
			);
			defaultConfigurationIsVisible = 0;
			defaultConfigurationName = Release;
		};
		84669A8B19DAD78D003C2263 /* Build configuration list for PBXNativeTarget "Water Me" */ = {
			isa = XCConfigurationList;
			buildConfigurations = (
				84669A8C19DAD78D003C2263 /* Debug */,
				84669A8D19DAD78D003C2263 /* Release */,
			);
			defaultConfigurationIsVisible = 0;
			defaultConfigurationName = Release;
		};
		84669A8E19DAD78D003C2263 /* Build configuration list for PBXNativeTarget "Water MeTests" */ = {
			isa = XCConfigurationList;
			buildConfigurations = (
				84669A8F19DAD78D003C2263 /* Debug */,
				84669A9019DAD78D003C2263 /* Release */,
			);
			defaultConfigurationIsVisible = 0;
			defaultConfigurationName = Release;
		};
/* End XCConfigurationList section */

/* Begin XCVersionGroup section */
		84669A7019DAD78D003C2263 /* Water_Me.xcdatamodeld */ = {
			isa = XCVersionGroup;
			children = (
				84669A7119DAD78D003C2263 /* Water_Me.xcdatamodel */,
			);
			currentVersion = 84669A7119DAD78D003C2263 /* Water_Me.xcdatamodel */;
			path = Water_Me.xcdatamodeld;
			sourceTree = "<group>";
			versionGroupType = wrapper.xcdatamodel;
		};
/* End XCVersionGroup section */
	};
	rootObject = 84669A6119DAD78D003C2263 /* Project object */;
}
